// !$*UTF8*$!
{
	archiveVersion = 1;
	classes = {
	};
	objectVersion = 55;
	objects = {

/* Begin PBXBuildFile section */
		040E425FA46F04E0348FF2F1 /* Pods_MyFinalExam.framework in Frameworks */ = {isa = PBXBuildFile; fileRef = C38689BB59B139EFCC2517FF /* Pods_MyFinalExam.framework */; };
		1AC357079CA2BA14946332DB /* Pods_MyFinalExamTests.framework in Frameworks */ = {isa = PBXBuildFile; fileRef = 7432BD20CEF19660524BF3A3 /* Pods_MyFinalExamTests.framework */; };
		3A9CB98CD9BAB5AEF5BE568C /* Pods_MyFinalExam_MyFinalExamUITests.framework in Frameworks */ = {isa = PBXBuildFile; fileRef = 8C36515E9A3E761A0069379E /* Pods_MyFinalExam_MyFinalExamUITests.framework */; };
		D8219B8B2790238200B6EBB5 /* GroceryItemCell.swift in Sources */ = {isa = PBXBuildFile; fileRef = D8219B8A2790238200B6EBB5 /* GroceryItemCell.swift */; };
		D8219B8D2790513D00B6EBB5 /* UsersOnlineController.swift in Sources */ = {isa = PBXBuildFile; fileRef = D8219B8C2790513D00B6EBB5 /* UsersOnlineController.swift */; };
		D8219B8F27905A5B00B6EBB5 /* Users.swift in Sources */ = {isa = PBXBuildFile; fileRef = D8219B8E27905A5B00B6EBB5 /* Users.swift */; };
		D8219B912790D4C100B6EBB5 /* UsersTableViewCell.swift in Sources */ = {isa = PBXBuildFile; fileRef = D8219B902790D4C100B6EBB5 /* UsersTableViewCell.swift */; };
		D829FA4E278EAC2500EC9E31 /* AppDelegate.swift in Sources */ = {isa = PBXBuildFile; fileRef = D829FA4D278EAC2500EC9E31 /* AppDelegate.swift */; };
		D829FA50278EAC2500EC9E31 /* SceneDelegate.swift in Sources */ = {isa = PBXBuildFile; fileRef = D829FA4F278EAC2500EC9E31 /* SceneDelegate.swift */; };
		D829FA58278EAC2500EC9E31 /* MyFinalExam.xcdatamodeld in Sources */ = {isa = PBXBuildFile; fileRef = D829FA56278EAC2500EC9E31 /* MyFinalExam.xcdatamodeld */; };
		D829FA5A278EAC2C00EC9E31 /* Assets.xcassets in Resources */ = {isa = PBXBuildFile; fileRef = D829FA59278EAC2C00EC9E31 /* Assets.xcassets */; };
		D829FA5D278EAC2C00EC9E31 /* LaunchScreen.storyboard in Resources */ = {isa = PBXBuildFile; fileRef = D829FA5B278EAC2C00EC9E31 /* LaunchScreen.storyboard */; };
		D829FA68278EAC2C00EC9E31 /* MyFinalExamTests.swift in Sources */ = {isa = PBXBuildFile; fileRef = D829FA67278EAC2C00EC9E31 /* MyFinalExamTests.swift */; };
		D829FA72278EAC2D00EC9E31 /* MyFinalExamUITests.swift in Sources */ = {isa = PBXBuildFile; fileRef = D829FA71278EAC2D00EC9E31 /* MyFinalExamUITests.swift */; };
		D829FA74278EAC2D00EC9E31 /* MyFinalExamUITestsLaunchTests.swift in Sources */ = {isa = PBXBuildFile; fileRef = D829FA73278EAC2D00EC9E31 /* MyFinalExamUITestsLaunchTests.swift */; };
		D8B938EA278EB59D0093FC63 /* SginInSginUpViewController.swift in Sources */ = {isa = PBXBuildFile; fileRef = D8B938E9278EB59D0093FC63 /* SginInSginUpViewController.swift */; };
		D8B938EC278EB5E50093FC63 /* GroceryTableViewController.swift in Sources */ = {isa = PBXBuildFile; fileRef = D8B938EB278EB5E50093FC63 /* GroceryTableViewController.swift */; };
		D8B938EE278EBC780093FC63 /* GoogleService-Info.plist in Resources */ = {isa = PBXBuildFile; fileRef = D8B938ED278EBC780093FC63 /* GoogleService-Info.plist */; };
		D8B938F0278EC9AB0093FC63 /* GroceryItem.swift in Sources */ = {isa = PBXBuildFile; fileRef = D8B938EF278EC9AB0093FC63 /* GroceryItem.swift */; };
		D8B938F2278EEDEB0093FC63 /* Main.storyboard in Resources */ = {isa = PBXBuildFile; fileRef = D8B938F1278EEDEB0093FC63 /* Main.storyboard */; };
/* End PBXBuildFile section */

/* Begin PBXContainerItemProxy section */
		D829FA64278EAC2C00EC9E31 /* PBXContainerItemProxy */ = {
			isa = PBXContainerItemProxy;
			containerPortal = D829FA42278EAC2500EC9E31 /* Project object */;
			proxyType = 1;
			remoteGlobalIDString = D829FA49278EAC2500EC9E31;
			remoteInfo = MyFinalExam;
		};
		D829FA6E278EAC2D00EC9E31 /* PBXContainerItemProxy */ = {
			isa = PBXContainerItemProxy;
			containerPortal = D829FA42278EAC2500EC9E31 /* Project object */;
			proxyType = 1;
			remoteGlobalIDString = D829FA49278EAC2500EC9E31;
			remoteInfo = MyFinalExam;
		};
/* End PBXContainerItemProxy section */

/* Begin PBXFileReference section */
		0FF69F30705D62FEE07A1085 /* Pods-MyFinalExam.release.xcconfig */ = {isa = PBXFileReference; includeInIndex = 1; lastKnownFileType = text.xcconfig; name = "Pods-MyFinalExam.release.xcconfig"; path = "Target Support Files/Pods-MyFinalExam/Pods-MyFinalExam.release.xcconfig"; sourceTree = "<group>"; };
		400B9164FEF57355AE081DB5 /* Pods-MyFinalExamTests.debug.xcconfig */ = {isa = PBXFileReference; includeInIndex = 1; lastKnownFileType = text.xcconfig; name = "Pods-MyFinalExamTests.debug.xcconfig"; path = "Target Support Files/Pods-MyFinalExamTests/Pods-MyFinalExamTests.debug.xcconfig"; sourceTree = "<group>"; };
		4D0B27F1EF8774EEECAB1803 /* Pods-MyFinalExam-MyFinalExamUITests.debug.xcconfig */ = {isa = PBXFileReference; includeInIndex = 1; lastKnownFileType = text.xcconfig; name = "Pods-MyFinalExam-MyFinalExamUITests.debug.xcconfig"; path = "Target Support Files/Pods-MyFinalExam-MyFinalExamUITests/Pods-MyFinalExam-MyFinalExamUITests.debug.xcconfig"; sourceTree = "<group>"; };
		7432BD20CEF19660524BF3A3 /* Pods_MyFinalExamTests.framework */ = {isa = PBXFileReference; explicitFileType = wrapper.framework; includeInIndex = 0; path = Pods_MyFinalExamTests.framework; sourceTree = BUILT_PRODUCTS_DIR; };
		8C36515E9A3E761A0069379E /* Pods_MyFinalExam_MyFinalExamUITests.framework */ = {isa = PBXFileReference; explicitFileType = wrapper.framework; includeInIndex = 0; path = Pods_MyFinalExam_MyFinalExamUITests.framework; sourceTree = BUILT_PRODUCTS_DIR; };
		9C69CD8B45D7E0DB00B10104 /* Pods-MyFinalExamTests.release.xcconfig */ = {isa = PBXFileReference; includeInIndex = 1; lastKnownFileType = text.xcconfig; name = "Pods-MyFinalExamTests.release.xcconfig"; path = "Target Support Files/Pods-MyFinalExamTests/Pods-MyFinalExamTests.release.xcconfig"; sourceTree = "<group>"; };
		A879C53ABB22CC20FB71C721 /* Pods-MyFinalExam.debug.xcconfig */ = {isa = PBXFileReference; includeInIndex = 1; lastKnownFileType = text.xcconfig; name = "Pods-MyFinalExam.debug.xcconfig"; path = "Target Support Files/Pods-MyFinalExam/Pods-MyFinalExam.debug.xcconfig"; sourceTree = "<group>"; };
		C38689BB59B139EFCC2517FF /* Pods_MyFinalExam.framework */ = {isa = PBXFileReference; explicitFileType = wrapper.framework; includeInIndex = 0; path = Pods_MyFinalExam.framework; sourceTree = BUILT_PRODUCTS_DIR; };
		CA0A54AB6107C3B435C57729 /* Pods-MyFinalExam-MyFinalExamUITests.release.xcconfig */ = {isa = PBXFileReference; includeInIndex = 1; lastKnownFileType = text.xcconfig; name = "Pods-MyFinalExam-MyFinalExamUITests.release.xcconfig"; path = "Target Support Files/Pods-MyFinalExam-MyFinalExamUITests/Pods-MyFinalExam-MyFinalExamUITests.release.xcconfig"; sourceTree = "<group>"; };
		D8219B8A2790238200B6EBB5 /* GroceryItemCell.swift */ = {isa = PBXFileReference; lastKnownFileType = sourcecode.swift; path = GroceryItemCell.swift; sourceTree = "<group>"; };
		D8219B8C2790513D00B6EBB5 /* UsersOnlineController.swift */ = {isa = PBXFileReference; lastKnownFileType = sourcecode.swift; path = UsersOnlineController.swift; sourceTree = "<group>"; };
		D8219B8E27905A5B00B6EBB5 /* Users.swift */ = {isa = PBXFileReference; lastKnownFileType = sourcecode.swift; path = Users.swift; sourceTree = "<group>"; };
		D8219B902790D4C100B6EBB5 /* UsersTableViewCell.swift */ = {isa = PBXFileReference; lastKnownFileType = sourcecode.swift; path = UsersTableViewCell.swift; sourceTree = "<group>"; };
		D829FA4A278EAC2500EC9E31 /* MyFinalExam.app */ = {isa = PBXFileReference; explicitFileType = wrapper.application; includeInIndex = 0; path = MyFinalExam.app; sourceTree = BUILT_PRODUCTS_DIR; };
		D829FA4D278EAC2500EC9E31 /* AppDelegate.swift */ = {isa = PBXFileReference; lastKnownFileType = sourcecode.swift; path = AppDelegate.swift; sourceTree = "<group>"; };
		D829FA4F278EAC2500EC9E31 /* SceneDelegate.swift */ = {isa = PBXFileReference; lastKnownFileType = sourcecode.swift; path = SceneDelegate.swift; sourceTree = "<group>"; };
		D829FA57278EAC2500EC9E31 /* MyFinalExam.xcdatamodel */ = {isa = PBXFileReference; lastKnownFileType = wrapper.xcdatamodel; path = MyFinalExam.xcdatamodel; sourceTree = "<group>"; };
		D829FA59278EAC2C00EC9E31 /* Assets.xcassets */ = {isa = PBXFileReference; lastKnownFileType = folder.assetcatalog; path = Assets.xcassets; sourceTree = "<group>"; };
		D829FA5C278EAC2C00EC9E31 /* Base */ = {isa = PBXFileReference; lastKnownFileType = file.storyboard; name = Base; path = Base.lproj/LaunchScreen.storyboard; sourceTree = "<group>"; };
		D829FA5E278EAC2C00EC9E31 /* Info.plist */ = {isa = PBXFileReference; lastKnownFileType = text.plist.xml; path = Info.plist; sourceTree = "<group>"; };
		D829FA63278EAC2C00EC9E31 /* MyFinalExamTests.xctest */ = {isa = PBXFileReference; explicitFileType = wrapper.cfbundle; includeInIndex = 0; path = MyFinalExamTests.xctest; sourceTree = BUILT_PRODUCTS_DIR; };
		D829FA67278EAC2C00EC9E31 /* MyFinalExamTests.swift */ = {isa = PBXFileReference; lastKnownFileType = sourcecode.swift; path = MyFinalExamTests.swift; sourceTree = "<group>"; };
		D829FA6D278EAC2D00EC9E31 /* MyFinalExamUITests.xctest */ = {isa = PBXFileReference; explicitFileType = wrapper.cfbundle; includeInIndex = 0; path = MyFinalExamUITests.xctest; sourceTree = BUILT_PRODUCTS_DIR; };
		D829FA71278EAC2D00EC9E31 /* MyFinalExamUITests.swift */ = {isa = PBXFileReference; lastKnownFileType = sourcecode.swift; path = MyFinalExamUITests.swift; sourceTree = "<group>"; };
		D829FA73278EAC2D00EC9E31 /* MyFinalExamUITestsLaunchTests.swift */ = {isa = PBXFileReference; lastKnownFileType = sourcecode.swift; path = MyFinalExamUITestsLaunchTests.swift; sourceTree = "<group>"; };
		D8B938E9278EB59D0093FC63 /* SginInSginUpViewController.swift */ = {isa = PBXFileReference; lastKnownFileType = sourcecode.swift; path = SginInSginUpViewController.swift; sourceTree = "<group>"; };
		D8B938EB278EB5E50093FC63 /* GroceryTableViewController.swift */ = {isa = PBXFileReference; lastKnownFileType = sourcecode.swift; path = GroceryTableViewController.swift; sourceTree = "<group>"; };
		D8B938ED278EBC780093FC63 /* GoogleService-Info.plist */ = {isa = PBXFileReference; fileEncoding = 4; lastKnownFileType = text.plist.xml; name = "GoogleService-Info.plist"; path = "../../../../Desktop/GoogleService-Info.plist"; sourceTree = "<group>"; };
		D8B938EF278EC9AB0093FC63 /* GroceryItem.swift */ = {isa = PBXFileReference; lastKnownFileType = sourcecode.swift; path = GroceryItem.swift; sourceTree = "<group>"; };
		D8B938F1278EEDEB0093FC63 /* Main.storyboard */ = {isa = PBXFileReference; lastKnownFileType = file.storyboard; path = Main.storyboard; sourceTree = "<group>"; };
/* End PBXFileReference section */

/* Begin PBXFrameworksBuildPhase section */
		D829FA47278EAC2500EC9E31 /* Frameworks */ = {
			isa = PBXFrameworksBuildPhase;
			buildActionMask = 2147483647;
			files = (
				040E425FA46F04E0348FF2F1 /* Pods_MyFinalExam.framework in Frameworks */,
			);
			runOnlyForDeploymentPostprocessing = 0;
		};
		D829FA60278EAC2C00EC9E31 /* Frameworks */ = {
			isa = PBXFrameworksBuildPhase;
			buildActionMask = 2147483647;
			files = (
				1AC357079CA2BA14946332DB /* Pods_MyFinalExamTests.framework in Frameworks */,
			);
			runOnlyForDeploymentPostprocessing = 0;
		};
		D829FA6A278EAC2D00EC9E31 /* Frameworks */ = {
			isa = PBXFrameworksBuildPhase;
			buildActionMask = 2147483647;
			files = (
				3A9CB98CD9BAB5AEF5BE568C /* Pods_MyFinalExam_MyFinalExamUITests.framework in Frameworks */,
			);
			runOnlyForDeploymentPostprocessing = 0;
		};
/* End PBXFrameworksBuildPhase section */

/* Begin PBXGroup section */
		2E0D516E8699260CEF428992 /* Pods */ = {
			isa = PBXGroup;
			children = (
				A879C53ABB22CC20FB71C721 /* Pods-MyFinalExam.debug.xcconfig */,
				0FF69F30705D62FEE07A1085 /* Pods-MyFinalExam.release.xcconfig */,
				4D0B27F1EF8774EEECAB1803 /* Pods-MyFinalExam-MyFinalExamUITests.debug.xcconfig */,
				CA0A54AB6107C3B435C57729 /* Pods-MyFinalExam-MyFinalExamUITests.release.xcconfig */,
				400B9164FEF57355AE081DB5 /* Pods-MyFinalExamTests.debug.xcconfig */,
				9C69CD8B45D7E0DB00B10104 /* Pods-MyFinalExamTests.release.xcconfig */,
			);
			path = Pods;
			sourceTree = "<group>";
		};
		D8219B8727900E8A00B6EBB5 /* Controllers */ = {
			isa = PBXGroup;
			children = (
				D8B938E9278EB59D0093FC63 /* SginInSginUpViewController.swift */,
				D8B938EB278EB5E50093FC63 /* GroceryTableViewController.swift */,
				D8219B8C2790513D00B6EBB5 /* UsersOnlineController.swift */,
			);
			path = Controllers;
			sourceTree = "<group>";
		};
		D8219B8827900EE300B6EBB5 /* Resources */ = {
			isa = PBXGroup;
			children = (
				D829FA4D278EAC2500EC9E31 /* AppDelegate.swift */,
				D829FA4F278EAC2500EC9E31 /* SceneDelegate.swift */,
			);
			path = Resources;
			sourceTree = "<group>";
		};
		D8219B8927900F0A00B6EBB5 /* Model */ = {
			isa = PBXGroup;
			children = (
				D8B938EF278EC9AB0093FC63 /* GroceryItem.swift */,
				D8219B8A2790238200B6EBB5 /* GroceryItemCell.swift */,
				D8219B8E27905A5B00B6EBB5 /* Users.swift */,
				D8219B902790D4C100B6EBB5 /* UsersTableViewCell.swift */,
			);
			path = Model;
			sourceTree = "<group>";
		};
		D829FA41278EAC2500EC9E31 = {
			isa = PBXGroup;
			children = (
				D829FA4C278EAC2500EC9E31 /* MyFinalExam */,
				D829FA66278EAC2C00EC9E31 /* MyFinalExamTests */,
				D829FA70278EAC2D00EC9E31 /* MyFinalExamUITests */,
				D829FA4B278EAC2500EC9E31 /* Products */,
				2E0D516E8699260CEF428992 /* Pods */,
				F39A01414B81A12892870B62 /* Frameworks */,
			);
			sourceTree = "<group>";
		};
		D829FA4B278EAC2500EC9E31 /* Products */ = {
			isa = PBXGroup;
			children = (
				D829FA4A278EAC2500EC9E31 /* MyFinalExam.app */,
				D829FA63278EAC2C00EC9E31 /* MyFinalExamTests.xctest */,
				D829FA6D278EAC2D00EC9E31 /* MyFinalExamUITests.xctest */,
			);
			name = Products;
			sourceTree = "<group>";
		};
		D829FA4C278EAC2500EC9E31 /* MyFinalExam */ = {
			isa = PBXGroup;
			children = (
				D8219B8927900F0A00B6EBB5 /* Model */,
				D8219B8827900EE300B6EBB5 /* Resources */,
				D8219B8727900E8A00B6EBB5 /* Controllers */,
				D829FA59278EAC2C00EC9E31 /* Assets.xcassets */,
				D829FA5B278EAC2C00EC9E31 /* LaunchScreen.storyboard */,
				D8B938F1278EEDEB0093FC63 /* Main.storyboard */,
				D829FA5E278EAC2C00EC9E31 /* Info.plist */,
				D8B938ED278EBC780093FC63 /* GoogleService-Info.plist */,
				D829FA56278EAC2500EC9E31 /* MyFinalExam.xcdatamodeld */,
			);
			path = MyFinalExam;
			sourceTree = "<group>";
		};
		D829FA66278EAC2C00EC9E31 /* MyFinalExamTests */ = {
			isa = PBXGroup;
			children = (
				D829FA67278EAC2C00EC9E31 /* MyFinalExamTests.swift */,
			);
			path = MyFinalExamTests;
			sourceTree = "<group>";
		};
		D829FA70278EAC2D00EC9E31 /* MyFinalExamUITests */ = {
			isa = PBXGroup;
			children = (
				D829FA71278EAC2D00EC9E31 /* MyFinalExamUITests.swift */,
				D829FA73278EAC2D00EC9E31 /* MyFinalExamUITestsLaunchTests.swift */,
			);
			path = MyFinalExamUITests;
			sourceTree = "<group>";
		};
		F39A01414B81A12892870B62 /* Frameworks */ = {
			isa = PBXGroup;
			children = (
				C38689BB59B139EFCC2517FF /* Pods_MyFinalExam.framework */,
				8C36515E9A3E761A0069379E /* Pods_MyFinalExam_MyFinalExamUITests.framework */,
				7432BD20CEF19660524BF3A3 /* Pods_MyFinalExamTests.framework */,
			);
			name = Frameworks;
			sourceTree = "<group>";
		};
/* End PBXGroup section */

/* Begin PBXNativeTarget section */
		D829FA49278EAC2500EC9E31 /* MyFinalExam */ = {
			isa = PBXNativeTarget;
			buildConfigurationList = D829FA77278EAC2D00EC9E31 /* Build configuration list for PBXNativeTarget "MyFinalExam" */;
			buildPhases = (
				A3A2FF0A43FDD37BAC7B5D16 /* [CP] Check Pods Manifest.lock */,
				D829FA46278EAC2500EC9E31 /* Sources */,
				D829FA47278EAC2500EC9E31 /* Frameworks */,
				D829FA48278EAC2500EC9E31 /* Resources */,
				4297267E7F9FC0C5909618AE /* [CP] Embed Pods Frameworks */,
			);
			buildRules = (
			);
			dependencies = (
			);
			name = MyFinalExam;
			productName = MyFinalExam;
			productReference = D829FA4A278EAC2500EC9E31 /* MyFinalExam.app */;
			productType = "com.apple.product-type.application";
		};
		D829FA62278EAC2C00EC9E31 /* MyFinalExamTests */ = {
			isa = PBXNativeTarget;
			buildConfigurationList = D829FA7A278EAC2D00EC9E31 /* Build configuration list for PBXNativeTarget "MyFinalExamTests" */;
			buildPhases = (
				350BDBD10267BB194C764932 /* [CP] Check Pods Manifest.lock */,
				D829FA5F278EAC2C00EC9E31 /* Sources */,
				D829FA60278EAC2C00EC9E31 /* Frameworks */,
				D829FA61278EAC2C00EC9E31 /* Resources */,
			);
			buildRules = (
			);
			dependencies = (
				D829FA65278EAC2C00EC9E31 /* PBXTargetDependency */,
			);
			name = MyFinalExamTests;
			productName = MyFinalExamTests;
			productReference = D829FA63278EAC2C00EC9E31 /* MyFinalExamTests.xctest */;
			productType = "com.apple.product-type.bundle.unit-test";
		};
		D829FA6C278EAC2D00EC9E31 /* MyFinalExamUITests */ = {
			isa = PBXNativeTarget;
			buildConfigurationList = D829FA7D278EAC2D00EC9E31 /* Build configuration list for PBXNativeTarget "MyFinalExamUITests" */;
			buildPhases = (
				69670F6FC8675C4EAFF6A311 /* [CP] Check Pods Manifest.lock */,
				D829FA69278EAC2D00EC9E31 /* Sources */,
				D829FA6A278EAC2D00EC9E31 /* Frameworks */,
				D829FA6B278EAC2D00EC9E31 /* Resources */,
				48986F4E93FF170FF44C8BA6 /* [CP] Embed Pods Frameworks */,
			);
			buildRules = (
			);
			dependencies = (
				D829FA6F278EAC2D00EC9E31 /* PBXTargetDependency */,
			);
			name = MyFinalExamUITests;
			productName = MyFinalExamUITests;
			productReference = D829FA6D278EAC2D00EC9E31 /* MyFinalExamUITests.xctest */;
			productType = "com.apple.product-type.bundle.ui-testing";
		};
/* End PBXNativeTarget section */

/* Begin PBXProject section */
		D829FA42278EAC2500EC9E31 /* Project object */ = {
			isa = PBXProject;
			attributes = {
				BuildIndependentTargetsInParallel = 1;
				LastSwiftUpdateCheck = 1310;
				LastUpgradeCheck = 1310;
				TargetAttributes = {
					D829FA49278EAC2500EC9E31 = {
						CreatedOnToolsVersion = 13.1;
					};
					D829FA62278EAC2C00EC9E31 = {
						CreatedOnToolsVersion = 13.1;
						TestTargetID = D829FA49278EAC2500EC9E31;
					};
					D829FA6C278EAC2D00EC9E31 = {
						CreatedOnToolsVersion = 13.1;
						TestTargetID = D829FA49278EAC2500EC9E31;
					};
				};
			};
			buildConfigurationList = D829FA45278EAC2500EC9E31 /* Build configuration list for PBXProject "MyFinalExam" */;
			compatibilityVersion = "Xcode 13.0";
			developmentRegion = en;
			hasScannedForEncodings = 0;
			knownRegions = (
				en,
				Base,
			);
			mainGroup = D829FA41278EAC2500EC9E31;
			productRefGroup = D829FA4B278EAC2500EC9E31 /* Products */;
			projectDirPath = "";
			projectRoot = "";
			targets = (
				D829FA49278EAC2500EC9E31 /* MyFinalExam */,
				D829FA62278EAC2C00EC9E31 /* MyFinalExamTests */,
				D829FA6C278EAC2D00EC9E31 /* MyFinalExamUITests */,
			);
		};
/* End PBXProject section */

/* Begin PBXResourcesBuildPhase section */
		D829FA48278EAC2500EC9E31 /* Resources */ = {
			isa = PBXResourcesBuildPhase;
			buildActionMask = 2147483647;
			files = (
				D829FA5D278EAC2C00EC9E31 /* LaunchScreen.storyboard in Resources */,
				D8B938EE278EBC780093FC63 /* GoogleService-Info.plist in Resources */,
				D829FA5A278EAC2C00EC9E31 /* Assets.xcassets in Resources */,
				D8B938F2278EEDEB0093FC63 /* Main.storyboard in Resources */,
			);
			runOnlyForDeploymentPostprocessing = 0;
		};
		D829FA61278EAC2C00EC9E31 /* Resources */ = {
			isa = PBXResourcesBuildPhase;
			buildActionMask = 2147483647;
			files = (
			);
			runOnlyForDeploymentPostprocessing = 0;
		};
		D829FA6B278EAC2D00EC9E31 /* Resources */ = {
			isa = PBXResourcesBuildPhase;
			buildActionMask = 2147483647;
			files = (
			);
			runOnlyForDeploymentPostprocessing = 0;
		};
/* End PBXResourcesBuildPhase section */

/* Begin PBXShellScriptBuildPhase section */
		350BDBD10267BB194C764932 /* [CP] Check Pods Manifest.lock */ = {
			isa = PBXShellScriptBuildPhase;
			buildActionMask = 2147483647;
			files = (
			);
			inputFileListPaths = (
			);
			inputPaths = (
				"${PODS_PODFILE_DIR_PATH}/Podfile.lock",
				"${PODS_ROOT}/Manifest.lock",
			);
			name = "[CP] Check Pods Manifest.lock";
			outputFileListPaths = (
			);
			outputPaths = (
				"$(DERIVED_FILE_DIR)/Pods-MyFinalExamTests-checkManifestLockResult.txt",
			);
			runOnlyForDeploymentPostprocessing = 0;
			shellPath = /bin/sh;
			shellScript = "diff \"${PODS_PODFILE_DIR_PATH}/Podfile.lock\" \"${PODS_ROOT}/Manifest.lock\" > /dev/null\nif [ $? != 0 ] ; then\n    # print error to STDERR\n    echo \"error: The sandbox is not in sync with the Podfile.lock. Run 'pod install' or update your CocoaPods installation.\" >&2\n    exit 1\nfi\n# This output is used by Xcode 'outputs' to avoid re-running this script phase.\necho \"SUCCESS\" > \"${SCRIPT_OUTPUT_FILE_0}\"\n";
			showEnvVarsInLog = 0;
		};
		4297267E7F9FC0C5909618AE /* [CP] Embed Pods Frameworks */ = {
			isa = PBXShellScriptBuildPhase;
			buildActionMask = 2147483647;
			files = (
			);
			inputFileListPaths = (
				"${PODS_ROOT}/Target Support Files/Pods-MyFinalExam/Pods-MyFinalExam-frameworks-${CONFIGURATION}-input-files.xcfilelist",
			);
			name = "[CP] Embed Pods Frameworks";
			outputFileListPaths = (
				"${PODS_ROOT}/Target Support Files/Pods-MyFinalExam/Pods-MyFinalExam-frameworks-${CONFIGURATION}-output-files.xcfilelist",
			);
			runOnlyForDeploymentPostprocessing = 0;
			shellPath = /bin/sh;
			shellScript = "\"${PODS_ROOT}/Target Support Files/Pods-MyFinalExam/Pods-MyFinalExam-frameworks.sh\"\n";
			showEnvVarsInLog = 0;
		};
		48986F4E93FF170FF44C8BA6 /* [CP] Embed Pods Frameworks */ = {
			isa = PBXShellScriptBuildPhase;
			buildActionMask = 2147483647;
			files = (
			);
			inputFileListPaths = (
				"${PODS_ROOT}/Target Support Files/Pods-MyFinalExam-MyFinalExamUITests/Pods-MyFinalExam-MyFinalExamUITests-frameworks-${CONFIGURATION}-input-files.xcfilelist",
			);
			name = "[CP] Embed Pods Frameworks";
			outputFileListPaths = (
				"${PODS_ROOT}/Target Support Files/Pods-MyFinalExam-MyFinalExamUITests/Pods-MyFinalExam-MyFinalExamUITests-frameworks-${CONFIGURATION}-output-files.xcfilelist",
			);
			runOnlyForDeploymentPostprocessing = 0;
			shellPath = /bin/sh;
			shellScript = "\"${PODS_ROOT}/Target Support Files/Pods-MyFinalExam-MyFinalExamUITests/Pods-MyFinalExam-MyFinalExamUITests-frameworks.sh\"\n";
			showEnvVarsInLog = 0;
		};
		69670F6FC8675C4EAFF6A311 /* [CP] Check Pods Manifest.lock */ = {
			isa = PBXShellScriptBuildPhase;
			buildActionMask = 2147483647;
			files = (
			);
			inputFileListPaths = (
			);
			inputPaths = (
				"${PODS_PODFILE_DIR_PATH}/Podfile.lock",
				"${PODS_ROOT}/Manifest.lock",
			);
			name = "[CP] Check Pods Manifest.lock";
			outputFileListPaths = (
			);
			outputPaths = (
				"$(DERIVED_FILE_DIR)/Pods-MyFinalExam-MyFinalExamUITests-checkManifestLockResult.txt",
			);
			runOnlyForDeploymentPostprocessing = 0;
			shellPath = /bin/sh;
			shellScript = "diff \"${PODS_PODFILE_DIR_PATH}/Podfile.lock\" \"${PODS_ROOT}/Manifest.lock\" > /dev/null\nif [ $? != 0 ] ; then\n    # print error to STDERR\n    echo \"error: The sandbox is not in sync with the Podfile.lock. Run 'pod install' or update your CocoaPods installation.\" >&2\n    exit 1\nfi\n# This output is used by Xcode 'outputs' to avoid re-running this script phase.\necho \"SUCCESS\" > \"${SCRIPT_OUTPUT_FILE_0}\"\n";
			showEnvVarsInLog = 0;
		};
		A3A2FF0A43FDD37BAC7B5D16 /* [CP] Check Pods Manifest.lock */ = {
			isa = PBXShellScriptBuildPhase;
			buildActionMask = 2147483647;
			files = (
			);
			inputFileListPaths = (
			);
			inputPaths = (
				"${PODS_PODFILE_DIR_PATH}/Podfile.lock",
				"${PODS_ROOT}/Manifest.lock",
			);
			name = "[CP] Check Pods Manifest.lock";
			outputFileListPaths = (
			);
			outputPaths = (
				"$(DERIVED_FILE_DIR)/Pods-MyFinalExam-checkManifestLockResult.txt",
			);
			runOnlyForDeploymentPostprocessing = 0;
			shellPath = /bin/sh;
			shellScript = "diff \"${PODS_PODFILE_DIR_PATH}/Podfile.lock\" \"${PODS_ROOT}/Manifest.lock\" > /dev/null\nif [ $? != 0 ] ; then\n    # print error to STDERR\n    echo \"error: The sandbox is not in sync with the Podfile.lock. Run 'pod install' or update your CocoaPods installation.\" >&2\n    exit 1\nfi\n# This output is used by Xcode 'outputs' to avoid re-running this script phase.\necho \"SUCCESS\" > \"${SCRIPT_OUTPUT_FILE_0}\"\n";
			showEnvVarsInLog = 0;
		};
/* End PBXShellScriptBuildPhase section */

/* Begin PBXSourcesBuildPhase section */
		D829FA46278EAC2500EC9E31 /* Sources */ = {
			isa = PBXSourcesBuildPhase;
			buildActionMask = 2147483647;
			files = (
				D829FA4E278EAC2500EC9E31 /* AppDelegate.swift in Sources */,
				D829FA50278EAC2500EC9E31 /* SceneDelegate.swift in Sources */,
				D8219B8F27905A5B00B6EBB5 /* Users.swift in Sources */,
				D8219B8B2790238200B6EBB5 /* GroceryItemCell.swift in Sources */,
				D8B938EA278EB59D0093FC63 /* SginInSginUpViewController.swift in Sources */,
				D8B938EC278EB5E50093FC63 /* GroceryTableViewController.swift in Sources */,
				D8219B8D2790513D00B6EBB5 /* UsersOnlineController.swift in Sources */,
				D829FA58278EAC2500EC9E31 /* MyFinalExam.xcdatamodeld in Sources */,
				D8B938F0278EC9AB0093FC63 /* GroceryItem.swift in Sources */,
				D8219B912790D4C100B6EBB5 /* UsersTableViewCell.swift in Sources */,
			);
			runOnlyForDeploymentPostprocessing = 0;
		};
		D829FA5F278EAC2C00EC9E31 /* Sources */ = {
			isa = PBXSourcesBuildPhase;
			buildActionMask = 2147483647;
			files = (
				D829FA68278EAC2C00EC9E31 /* MyFinalExamTests.swift in Sources */,
			);
			runOnlyForDeploymentPostprocessing = 0;
		};
		D829FA69278EAC2D00EC9E31 /* Sources */ = {
			isa = PBXSourcesBuildPhase;
			buildActionMask = 2147483647;
			files = (
				D829FA74278EAC2D00EC9E31 /* MyFinalExamUITestsLaunchTests.swift in Sources */,
				D829FA72278EAC2D00EC9E31 /* MyFinalExamUITests.swift in Sources */,
			);
			runOnlyForDeploymentPostprocessing = 0;
		};
/* End PBXSourcesBuildPhase section */

/* Begin PBXTargetDependency section */
		D829FA65278EAC2C00EC9E31 /* PBXTargetDependency */ = {
			isa = PBXTargetDependency;
			target = D829FA49278EAC2500EC9E31 /* MyFinalExam */;
			targetProxy = D829FA64278EAC2C00EC9E31 /* PBXContainerItemProxy */;
		};
		D829FA6F278EAC2D00EC9E31 /* PBXTargetDependency */ = {
			isa = PBXTargetDependency;
			target = D829FA49278EAC2500EC9E31 /* MyFinalExam */;
			targetProxy = D829FA6E278EAC2D00EC9E31 /* PBXContainerItemProxy */;
		};
/* End PBXTargetDependency section */

/* Begin PBXVariantGroup section */
		D829FA5B278EAC2C00EC9E31 /* LaunchScreen.storyboard */ = {
			isa = PBXVariantGroup;
			children = (
				D829FA5C278EAC2C00EC9E31 /* Base */,
			);
			name = LaunchScreen.storyboard;
			sourceTree = "<group>";
		};
/* End PBXVariantGroup section */

/* Begin XCBuildConfiguration section */
		D829FA75278EAC2D00EC9E31 /* Debug */ = {
			isa = XCBuildConfiguration;
			buildSettings = {
				ALWAYS_SEARCH_USER_PATHS = NO;
				CLANG_ANALYZER_NONNULL = YES;
				CLANG_ANALYZER_NUMBER_OBJECT_CONVERSION = YES_AGGRESSIVE;
				CLANG_CXX_LANGUAGE_STANDARD = "gnu++17";
				CLANG_CXX_LIBRARY = "libc++";
				CLANG_ENABLE_MODULES = YES;
				CLANG_ENABLE_OBJC_ARC = YES;
				CLANG_ENABLE_OBJC_WEAK = YES;
				CLANG_WARN_BLOCK_CAPTURE_AUTORELEASING = YES;
				CLANG_WARN_BOOL_CONVERSION = YES;
				CLANG_WARN_COMMA = YES;
				CLANG_WARN_CONSTANT_CONVERSION = YES;
				CLANG_WARN_DEPRECATED_OBJC_IMPLEMENTATIONS = YES;
				CLANG_WARN_DIRECT_OBJC_ISA_USAGE = YES_ERROR;
				CLANG_WARN_DOCUMENTATION_COMMENTS = YES;
				CLANG_WARN_EMPTY_BODY = YES;
				CLANG_WARN_ENUM_CONVERSION = YES;
				CLANG_WARN_INFINITE_RECURSION = YES;
				CLANG_WARN_INT_CONVERSION = YES;
				CLANG_WARN_NON_LITERAL_NULL_CONVERSION = YES;
				CLANG_WARN_OBJC_IMPLICIT_RETAIN_SELF = YES;
				CLANG_WARN_OBJC_LITERAL_CONVERSION = YES;
				CLANG_WARN_OBJC_ROOT_CLASS = YES_ERROR;
				CLANG_WARN_QUOTED_INCLUDE_IN_FRAMEWORK_HEADER = YES;
				CLANG_WARN_RANGE_LOOP_ANALYSIS = YES;
				CLANG_WARN_STRICT_PROTOTYPES = YES;
				CLANG_WARN_SUSPICIOUS_MOVE = YES;
				CLANG_WARN_UNGUARDED_AVAILABILITY = YES_AGGRESSIVE;
				CLANG_WARN_UNREACHABLE_CODE = YES;
				CLANG_WARN__DUPLICATE_METHOD_MATCH = YES;
				COPY_PHASE_STRIP = NO;
				DEBUG_INFORMATION_FORMAT = dwarf;
				ENABLE_STRICT_OBJC_MSGSEND = YES;
				ENABLE_TESTABILITY = YES;
				GCC_C_LANGUAGE_STANDARD = gnu11;
				GCC_DYNAMIC_NO_PIC = NO;
				GCC_NO_COMMON_BLOCKS = YES;
				GCC_OPTIMIZATION_LEVEL = 0;
				GCC_PREPROCESSOR_DEFINITIONS = (
					"DEBUG=1",
					"$(inherited)",
				);
				GCC_WARN_64_TO_32_BIT_CONVERSION = YES;
				GCC_WARN_ABOUT_RETURN_TYPE = YES_ERROR;
				GCC_WARN_UNDECLARED_SELECTOR = YES;
				GCC_WARN_UNINITIALIZED_AUTOS = YES_AGGRESSIVE;
				GCC_WARN_UNUSED_FUNCTION = YES;
				GCC_WARN_UNUSED_VARIABLE = YES;
				IPHONEOS_DEPLOYMENT_TARGET = 15.0;
				MTL_ENABLE_DEBUG_INFO = INCLUDE_SOURCE;
				MTL_FAST_MATH = YES;
				ONLY_ACTIVE_ARCH = YES;
				SDKROOT = iphoneos;
				SWIFT_ACTIVE_COMPILATION_CONDITIONS = DEBUG;
				SWIFT_OPTIMIZATION_LEVEL = "-Onone";
			};
			name = Debug;
		};
		D829FA76278EAC2D00EC9E31 /* Release */ = {
			isa = XCBuildConfiguration;
			buildSettings = {
				ALWAYS_SEARCH_USER_PATHS = NO;
				CLANG_ANALYZER_NONNULL = YES;
				CLANG_ANALYZER_NUMBER_OBJECT_CONVERSION = YES_AGGRESSIVE;
				CLANG_CXX_LANGUAGE_STANDARD = "gnu++17";
				CLANG_CXX_LIBRARY = "libc++";
				CLANG_ENABLE_MODULES = YES;
				CLANG_ENABLE_OBJC_ARC = YES;
				CLANG_ENABLE_OBJC_WEAK = YES;
				CLANG_WARN_BLOCK_CAPTURE_AUTORELEASING = YES;
				CLANG_WARN_BOOL_CONVERSION = YES;
				CLANG_WARN_COMMA = YES;
				CLANG_WARN_CONSTANT_CONVERSION = YES;
				CLANG_WARN_DEPRECATED_OBJC_IMPLEMENTATIONS = YES;
				CLANG_WARN_DIRECT_OBJC_ISA_USAGE = YES_ERROR;
				CLANG_WARN_DOCUMENTATION_COMMENTS = YES;
				CLANG_WARN_EMPTY_BODY = YES;
				CLANG_WARN_ENUM_CONVERSION = YES;
				CLANG_WARN_INFINITE_RECURSION = YES;
				CLANG_WARN_INT_CONVERSION = YES;
				CLANG_WARN_NON_LITERAL_NULL_CONVERSION = YES;
				CLANG_WARN_OBJC_IMPLICIT_RETAIN_SELF = YES;
				CLANG_WARN_OBJC_LITERAL_CONVERSION = YES;
				CLANG_WARN_OBJC_ROOT_CLASS = YES_ERROR;
				CLANG_WARN_QUOTED_INCLUDE_IN_FRAMEWORK_HEADER = YES;
				CLANG_WARN_RANGE_LOOP_ANALYSIS = YES;
				CLANG_WARN_STRICT_PROTOTYPES = YES;
				CLANG_WARN_SUSPICIOUS_MOVE = YES;
				CLANG_WARN_UNGUARDED_AVAILABILITY = YES_AGGRESSIVE;
				CLANG_WARN_UNREACHABLE_CODE = YES;
				CLANG_WARN__DUPLICATE_METHOD_MATCH = YES;
				COPY_PHASE_STRIP = NO;
				DEBUG_INFORMATION_FORMAT = "dwarf-with-dsym";
				ENABLE_NS_ASSERTIONS = NO;
				ENABLE_STRICT_OBJC_MSGSEND = YES;
				GCC_C_LANGUAGE_STANDARD = gnu11;
				GCC_NO_COMMON_BLOCKS = YES;
				GCC_WARN_64_TO_32_BIT_CONVERSION = YES;
				GCC_WARN_ABOUT_RETURN_TYPE = YES_ERROR;
				GCC_WARN_UNDECLARED_SELECTOR = YES;
				GCC_WARN_UNINITIALIZED_AUTOS = YES_AGGRESSIVE;
				GCC_WARN_UNUSED_FUNCTION = YES;
				GCC_WARN_UNUSED_VARIABLE = YES;
				IPHONEOS_DEPLOYMENT_TARGET = 15.0;
				MTL_ENABLE_DEBUG_INFO = NO;
				MTL_FAST_MATH = YES;
				SDKROOT = iphoneos;
				SWIFT_COMPILATION_MODE = wholemodule;
				SWIFT_OPTIMIZATION_LEVEL = "-O";
				VALIDATE_PRODUCT = YES;
			};
			name = Release;
		};
		D829FA78278EAC2D00EC9E31 /* Debug */ = {
			isa = XCBuildConfiguration;
			baseConfigurationReference = A879C53ABB22CC20FB71C721 /* Pods-MyFinalExam.debug.xcconfig */;
			buildSettings = {
				ASSETCATALOG_COMPILER_APPICON_NAME = AppIcon;
				ASSETCATALOG_COMPILER_GLOBAL_ACCENT_COLOR_NAME = AccentColor;
				CODE_SIGN_STYLE = Automatic;
				CURRENT_PROJECT_VERSION = 1;
				GENERATE_INFOPLIST_FILE = YES;
				INFOPLIST_FILE = MyFinalExam/Info.plist;
				INFOPLIST_KEY_UIApplicationSupportsIndirectInputEvents = YES;
				INFOPLIST_KEY_UILaunchStoryboardName = LaunchScreen;
				INFOPLIST_KEY_UIMainStoryboardFile = Main;
				INFOPLIST_KEY_UISupportedInterfaceOrientations_iPad = "UIInterfaceOrientationPortrait UIInterfaceOrientationPortraitUpsideDown UIInterfaceOrientationLandscapeLeft UIInterfaceOrientationLandscapeRight";
				INFOPLIST_KEY_UISupportedInterfaceOrientations_iPhone = "UIInterfaceOrientationPortrait UIInterfaceOrientationLandscapeLeft UIInterfaceOrientationLandscapeRight";
				LD_RUNPATH_SEARCH_PATHS = (
					"$(inherited)",
					"@executable_path/Frameworks",
				);
				MARKETING_VERSION = 1.0;
				PRODUCT_BUNDLE_IDENTIFIER = com.tarooti.MyFinalExam;
				PRODUCT_NAME = "$(TARGET_NAME)";
				SWIFT_EMIT_LOC_STRINGS = YES;
				SWIFT_VERSION = 5.0;
				TARGETED_DEVICE_FAMILY = "1,2";
			};
			name = Debug;
		};
		D829FA79278EAC2D00EC9E31 /* Release */ = {
			isa = XCBuildConfiguration;
			baseConfigurationReference = 0FF69F30705D62FEE07A1085 /* Pods-MyFinalExam.release.xcconfig */;
			buildSettings = {
				ASSETCATALOG_COMPILER_APPICON_NAME = AppIcon;
				ASSETCATALOG_COMPILER_GLOBAL_ACCENT_COLOR_NAME = AccentColor;
				CODE_SIGN_STYLE = Automatic;
				CURRENT_PROJECT_VERSION = 1;
				GENERATE_INFOPLIST_FILE = YES;
				INFOPLIST_FILE = MyFinalExam/Info.plist;
				INFOPLIST_KEY_UIApplicationSupportsIndirectInputEvents = YES;
				INFOPLIST_KEY_UILaunchStoryboardName = LaunchScreen;
				INFOPLIST_KEY_UIMainStoryboardFile = Main;
				INFOPLIST_KEY_UISupportedInterfaceOrientations_iPad = "UIInterfaceOrientationPortrait UIInterfaceOrientationPortraitUpsideDown UIInterfaceOrientationLandscapeLeft UIInterfaceOrientationLandscapeRight";
				INFOPLIST_KEY_UISupportedInterfaceOrientations_iPhone = "UIInterfaceOrientationPortrait UIInterfaceOrientationLandscapeLeft UIInterfaceOrientationLandscapeRight";
				LD_RUNPATH_SEARCH_PATHS = (
					"$(inherited)",
					"@executable_path/Frameworks",
				);
				MARKETING_VERSION = 1.0;
				PRODUCT_BUNDLE_IDENTIFIER = com.tarooti.MyFinalExam;
				PRODUCT_NAME = "$(TARGET_NAME)";
				SWIFT_EMIT_LOC_STRINGS = YES;
				SWIFT_VERSION = 5.0;
				TARGETED_DEVICE_FAMILY = "1,2";
			};
			name = Release;
		};
		D829FA7B278EAC2D00EC9E31 /* Debug */ = {
			isa = XCBuildConfiguration;
			baseConfigurationReference = 400B9164FEF57355AE081DB5 /* Pods-MyFinalExamTests.debug.xcconfig */;
			buildSettings = {
				ALWAYS_EMBED_SWIFT_STANDARD_LIBRARIES = YES;
				BUNDLE_LOADER = "$(TEST_HOST)";
				CODE_SIGN_STYLE = Automatic;
				CURRENT_PROJECT_VERSION = 1;
				GENERATE_INFOPLIST_FILE = YES;
				IPHONEOS_DEPLOYMENT_TARGET = 15.0;
				LD_RUNPATH_SEARCH_PATHS = (
					"$(inherited)",
					"@executable_path/Frameworks",
					"@loader_path/Frameworks",
				);
				MARKETING_VERSION = 1.0;
				PRODUCT_BUNDLE_IDENTIFIER = com.tarooti.MyFinalExamTests;
				PRODUCT_NAME = "$(TARGET_NAME)";
				SWIFT_EMIT_LOC_STRINGS = NO;
				SWIFT_VERSION = 5.0;
				TARGETED_DEVICE_FAMILY = "1,2";
				TEST_HOST = "$(BUILT_PRODUCTS_DIR)/MyFinalExam.app/MyFinalExam";
			};
			name = Debug;
		};
		D829FA7C278EAC2D00EC9E31 /* Release */ = {
			isa = XCBuildConfiguration;
			baseConfigurationReference = 9C69CD8B45D7E0DB00B10104 /* Pods-MyFinalExamTests.release.xcconfig */;
			buildSettings = {
				ALWAYS_EMBED_SWIFT_STANDARD_LIBRARIES = YES;
				BUNDLE_LOADER = "$(TEST_HOST)";
				CODE_SIGN_STYLE = Automatic;
				CURRENT_PROJECT_VERSION = 1;
				GENERATE_INFOPLIST_FILE = YES;
				IPHONEOS_DEPLOYMENT_TARGET = 15.0;
				LD_RUNPATH_SEARCH_PATHS = (
					"$(inherited)",
					"@executable_path/Frameworks",
					"@loader_path/Frameworks",
				);
				MARKETING_VERSION = 1.0;
				PRODUCT_BUNDLE_IDENTIFIER = com.tarooti.MyFinalExamTests;
				PRODUCT_NAME = "$(TARGET_NAME)";
				SWIFT_EMIT_LOC_STRINGS = NO;
				SWIFT_VERSION = 5.0;
				TARGETED_DEVICE_FAMILY = "1,2";
				TEST_HOST = "$(BUILT_PRODUCTS_DIR)/MyFinalExam.app/MyFinalExam";
			};
			name = Release;
		};
		D829FA7E278EAC2D00EC9E31 /* Debug */ = {
			isa = XCBuildConfiguration;
			baseConfigurationReference = 4D0B27F1EF8774EEECAB1803 /* Pods-MyFinalExam-MyFinalExamUITests.debug.xcconfig */;
			buildSettings = {
				ALWAYS_EMBED_SWIFT_STANDARD_LIBRARIES = YES;
				CODE_SIGN_STYLE = Automatic;
				CURRENT_PROJECT_VERSION = 1;
				GENERATE_INFOPLIST_FILE = YES;
				LD_RUNPATH_SEARCH_PATHS = (
					"$(inherited)",
					"@executable_path/Frameworks",
					"@loader_path/Frameworks",
				);
				MARKETING_VERSION = 1.0;
				PRODUCT_BUNDLE_IDENTIFIER = com.tarooti.MyFinalExamUITests;
				PRODUCT_NAME = "$(TARGET_NAME)";
				SWIFT_EMIT_LOC_STRINGS = NO;
				SWIFT_VERSION = 5.0;
				TARGETED_DEVICE_FAMILY = "1,2";
				TEST_TARGET_NAME = MyFinalExam;
			};
			name = Debug;
		};
		D829FA7F278EAC2D00EC9E31 /* Release */ = {
			isa = XCBuildConfiguration;
			baseConfigurationReference = CA0A54AB6107C3B435C57729 /* Pods-MyFinalExam-MyFinalExamUITests.release.xcconfig */;
			buildSettings = {
				ALWAYS_EMBED_SWIFT_STANDARD_LIBRARIES = YES;
				CODE_SIGN_STYLE = Automatic;
				CURRENT_PROJECT_VERSION = 1;
				GENERATE_INFOPLIST_FILE = YES;
				LD_RUNPATH_SEARCH_PATHS = (
					"$(inherited)",
					"@executable_path/Frameworks",
					"@loader_path/Frameworks",
				);
				MARKETING_VERSION = 1.0;
				PRODUCT_BUNDLE_IDENTIFIER = com.tarooti.MyFinalExamUITests;
				PRODUCT_NAME = "$(TARGET_NAME)";
				SWIFT_EMIT_LOC_STRINGS = NO;
				SWIFT_VERSION = 5.0;
				TARGETED_DEVICE_FAMILY = "1,2";
				TEST_TARGET_NAME = MyFinalExam;
			};
			name = Release;
		};
/* End XCBuildConfiguration section */

/* Begin XCConfigurationList section */
		D829FA45278EAC2500EC9E31 /* Build configuration list for PBXProject "MyFinalExam" */ = {
			isa = XCConfigurationList;
			buildConfigurations = (
				D829FA75278EAC2D00EC9E31 /* Debug */,
				D829FA76278EAC2D00EC9E31 /* Release */,
			);
			defaultConfigurationIsVisible = 0;
			defaultConfigurationName = Release;
		};
		D829FA77278EAC2D00EC9E31 /* Build configuration list for PBXNativeTarget "MyFinalExam" */ = {
			isa = XCConfigurationList;
			buildConfigurations = (
				D829FA78278EAC2D00EC9E31 /* Debug */,
				D829FA79278EAC2D00EC9E31 /* Release */,
			);
			defaultConfigurationIsVisible = 0;
			defaultConfigurationName = Release;
		};
		D829FA7A278EAC2D00EC9E31 /* Build configuration list for PBXNativeTarget "MyFinalExamTests" */ = {
			isa = XCConfigurationList;
			buildConfigurations = (
				D829FA7B278EAC2D00EC9E31 /* Debug */,
				D829FA7C278EAC2D00EC9E31 /* Release */,
			);
			defaultConfigurationIsVisible = 0;
			defaultConfigurationName = Release;
		};
		D829FA7D278EAC2D00EC9E31 /* Build configuration list for PBXNativeTarget "MyFinalExamUITests" */ = {
			isa = XCConfigurationList;
			buildConfigurations = (
				D829FA7E278EAC2D00EC9E31 /* Debug */,
				D829FA7F278EAC2D00EC9E31 /* Release */,
			);
			defaultConfigurationIsVisible = 0;
			defaultConfigurationName = Release;
		};
/* End XCConfigurationList section */

/* Begin XCVersionGroup section */
		D829FA56278EAC2500EC9E31 /* MyFinalExam.xcdatamodeld */ = {
			isa = XCVersionGroup;
			children = (
				D829FA57278EAC2500EC9E31 /* MyFinalExam.xcdatamodel */,
			);
			currentVersion = D829FA57278EAC2500EC9E31 /* MyFinalExam.xcdatamodel */;
			path = MyFinalExam.xcdatamodeld;
			sourceTree = "<group>";
			versionGroupType = wrapper.xcdatamodel;
		};
/* End XCVersionGroup section */
	};
	rootObject = D829FA42278EAC2500EC9E31 /* Project object */;
}
